
Microsoft Visual Studio Solution File, Format Version 12.00
Project("{FAE04EC0-301F-11D3-BF4B-00C04F79EFBC}") = "SDM-Compulsory1", "SDM-Compulsory1\SDM-Compulsory1.csproj", "{0D874DD9-40D6-4CF7-A9CE-48495B185280}"
EndProject
Project("{FAE04EC0-301F-11D3-BF4B-00C04F79EFBC}") = "ReviewTester", "ReviewTester\ReviewTester.csproj", "{99069E3D-002B-4FBB-B42B-5BD89925C5DE}"
EndProject
Global
	GlobalSection(SolutionConfigurationPlatforms) = preSolution
		Debug|Any CPU = Debug|Any CPU
		Release|Any CPU = Release|Any CPU
	EndGlobalSection
	GlobalSection(ProjectConfigurationPlatforms) = postSolution
		{0D874DD9-40D6-4CF7-A9CE-48495B185280}.Debug|Any CPU.ActiveCfg = Debug|Any CPU
		{0D874DD9-40D6-4CF7-A9CE-48495B185280}.Debug|Any CPU.Build.0 = Debug|Any CPU
		{0D874DD9-40D6-4CF7-A9CE-48495B185280}.Release|Any CPU.ActiveCfg = Release|Any CPU
		{0D874DD9-40D6-4CF7-A9CE-48495B185280}.Release|Any CPU.Build.0 = Release|Any CPU
		{99069E3D-002B-4FBB-B42B-5BD89925C5DE}.Debug|Any CPU.ActiveCfg = Debug|Any CPU
		{99069E3D-002B-4FBB-B42B-5BD89925C5DE}.Debug|Any CPU.Build.0 = Debug|Any CPU
		{99069E3D-002B-4FBB-B42B-5BD89925C5DE}.Release|Any CPU.ActiveCfg = Release|Any CPU
		{99069E3D-002B-4FBB-B42B-5BD89925C5DE}.Release|Any CPU.Build.0 = Release|Any CPU
	EndGlobalSection
EndGlobal
